
Microsoft Visual Studio Solution File, Format Version 12.00
# Visual Studio Version 17
VisualStudioVersion = 17.6.33723.286
MinimumVisualStudioVersion = 10.0.40219.1
Project("{FAE04EC0-301F-11D3-BF4B-00C04F79EFBC}") = "7", "7\7.csproj", "{43C12B4F-D6DC-405E-87CB-3319D5607858}"
EndProject
Global
	GlobalSection(SolutionConfigurationPlatforms) = preSolution
		Debug|Any CPU = Debug|Any CPU
		Release|Any CPU = Release|Any CPU
	EndGlobalSection
	GlobalSection(ProjectConfigurationPlatforms) = postSolution
		{43C12B4F-D6DC-405E-87CB-3319D5607858}.Debug|Any CPU.ActiveCfg = Debug|Any CPU
		{43C12B4F-D6DC-405E-87CB-3319D5607858}.Debug|Any CPU.Build.0 = Debug|Any CPU
		{43C12B4F-D6DC-405E-87CB-3319D5607858}.Release|Any CPU.ActiveCfg = Release|Any CPU
		{43C12B4F-D6DC-405E-87CB-3319D5607858}.Release|Any CPU.Build.0 = Release|Any CPU
	EndGlobalSection
	GlobalSection(SolutionProperties) = preSolution
		HideSolutionNode = FALSE
	EndGlobalSection
	GlobalSection(ExtensibilityGlobals) = postSolution
		SolutionGuid = {E70BC48E-6249-4939-A560-7AEECBCBE42E}
	EndGlobalSection
EndGlobal
