
Microsoft Visual Studio Solution File, Format Version 12.00
# Visual Studio Version 17
VisualStudioVersion = 17.6.33723.286
MinimumVisualStudioVersion = 10.0.40219.1
Project("{FAE04EC0-301F-11D3-BF4B-00C04F79EFBC}") = "8", "8\8.csproj", "{A64B1032-555A-4BEE-B9A8-F5972D88D1BC}"
EndProject
Global
	GlobalSection(SolutionConfigurationPlatforms) = preSolution
		Debug|Any CPU = Debug|Any CPU
		Release|Any CPU = Release|Any CPU
	EndGlobalSection
	GlobalSection(ProjectConfigurationPlatforms) = postSolution
		{A64B1032-555A-4BEE-B9A8-F5972D88D1BC}.Debug|Any CPU.ActiveCfg = Debug|Any CPU
		{A64B1032-555A-4BEE-B9A8-F5972D88D1BC}.Debug|Any CPU.Build.0 = Debug|Any CPU
		{A64B1032-555A-4BEE-B9A8-F5972D88D1BC}.Release|Any CPU.ActiveCfg = Release|Any CPU
		{A64B1032-555A-4BEE-B9A8-F5972D88D1BC}.Release|Any CPU.Build.0 = Release|Any CPU
	EndGlobalSection
	GlobalSection(SolutionProperties) = preSolution
		HideSolutionNode = FALSE
	EndGlobalSection
	GlobalSection(ExtensibilityGlobals) = postSolution
		SolutionGuid = {28177080-4DEC-4CD4-91A3-59FD7B2E77F6}
	EndGlobalSection
EndGlobal
